// !$*UTF8*$!
{
	archiveVersion = 1;
	classes = {
	};
	objectVersion = 51;
	objects = {

/* Begin PBXBuildFile section */
		22B656EBCDF506C7B8AC9B14 /* Pods_sanpoTests.framework in Frameworks */ = {isa = PBXBuildFile; fileRef = 6DB0430316BEAD595845A55C /* Pods_sanpoTests.framework */; };
		2810A3DB387B8839CF1BCE87 /* Pods_sanpo.framework in Frameworks */ = {isa = PBXBuildFile; fileRef = B660E47D6FC61DD0C9BFA094 /* Pods_sanpo.framework */; };
		3E012EDE2455DF840057C582 /* LaunchScreen.storyboard in Resources */ = {isa = PBXBuildFile; fileRef = 3E012EDD2455DF840057C582 /* LaunchScreen.storyboard */; };
		3E012EE6245870970057C582 /* brightening.mp3 in Resources */ = {isa = PBXBuildFile; fileRef = 3E012EE5245870970057C582 /* brightening.mp3 */; };
		3E012EEC245877E00057C582 /* menuettm.mp3 in Resources */ = {isa = PBXBuildFile; fileRef = 3E012EEB245877E00057C582 /* menuettm.mp3 */; };
		3E6294C424554E0B00143350 /* ModalViewController.swift in Sources */ = {isa = PBXBuildFile; fileRef = 3E6294C324554E0B00143350 /* ModalViewController.swift */; };
		3E6A0B2F2453157200D12F25 /* Start.storyboard in Resources */ = {isa = PBXBuildFile; fileRef = 3E6A0B2E2453157200D12F25 /* Start.storyboard */; };
		3E6A0B312453158200D12F25 /* StartViewController.swift in Sources */ = {isa = PBXBuildFile; fileRef = 3E6A0B302453158200D12F25 /* StartViewController.swift */; };
		3E6A0B342453211000D12F25 /* CoreMotion.framework in Frameworks */ = {isa = PBXBuildFile; fileRef = 3E6A0B332453211000D12F25 /* CoreMotion.framework */; };
		3E6C3511245F0962006D6EBC /* UserDefaultUtil.swift in Sources */ = {isa = PBXBuildFile; fileRef = 3E6C3510245F0962006D6EBC /* UserDefaultUtil.swift */; };
		3E6C3513245FC2A5006D6EBC /* TalkingCatModalViewController.storyboard in Resources */ = {isa = PBXBuildFile; fileRef = 3E6C3512245FC2A5006D6EBC /* TalkingCatModalViewController.storyboard */; };
		3E6C3515245FC2CD006D6EBC /* TalkingCatModalViewController.swift in Sources */ = {isa = PBXBuildFile; fileRef = 3E6C3514245FC2CD006D6EBC /* TalkingCatModalViewController.swift */; };
		3E6C3517245FCFEA006D6EBC /* moody.mp3 in Resources */ = {isa = PBXBuildFile; fileRef = 3E6C3516245FCFEA006D6EBC /* moody.mp3 */; };
		3E6C351924601CF3006D6EBC /* UserNameChangeModal.storyboard in Resources */ = {isa = PBXBuildFile; fileRef = 3E6C351824601CF3006D6EBC /* UserNameChangeModal.storyboard */; };
		3E6C351B24601D0A006D6EBC /* UserNameChangeModal.swift in Sources */ = {isa = PBXBuildFile; fileRef = 3E6C351A24601D0A006D6EBC /* UserNameChangeModal.swift */; };
		3E6F91DE24540D3400464924 /* StepCountClass.swift in Sources */ = {isa = PBXBuildFile; fileRef = 3E6F91DD24540D3400464924 /* StepCountClass.swift */; };
		3E6F91E22454382D00464924 /* StepBoarder.swift in Sources */ = {isa = PBXBuildFile; fileRef = 3E6F91E12454382D00464924 /* StepBoarder.swift */; };
		3E732F5F2439A883003DB97A /* AppDelegate.swift in Sources */ = {isa = PBXBuildFile; fileRef = 3E732F5E2439A883003DB97A /* AppDelegate.swift */; };
		3E732F612439A883003DB97A /* SceneDelegate.swift in Sources */ = {isa = PBXBuildFile; fileRef = 3E732F602439A883003DB97A /* SceneDelegate.swift */; };
		3E732F632439A883003DB97A /* ViewController.swift in Sources */ = {isa = PBXBuildFile; fileRef = 3E732F622439A883003DB97A /* ViewController.swift */; };
		3E732F662439A883003DB97A /* Main.storyboard in Resources */ = {isa = PBXBuildFile; fileRef = 3E732F642439A883003DB97A /* Main.storyboard */; };
		3E732F682439A885003DB97A /* Assets.xcassets in Resources */ = {isa = PBXBuildFile; fileRef = 3E732F672439A885003DB97A /* Assets.xcassets */; };
		3E732F762439A885003DB97A /* sanpoTests.swift in Sources */ = {isa = PBXBuildFile; fileRef = 3E732F752439A885003DB97A /* sanpoTests.swift */; };
		3E732F812439A885003DB97A /* sanpoUITests.swift in Sources */ = {isa = PBXBuildFile; fileRef = 3E732F802439A885003DB97A /* sanpoUITests.swift */; };
		3E7564BF245BFC810019B38A /* MusicPlayer.swift in Sources */ = {isa = PBXBuildFile; fileRef = 3E7564BE245BFC810019B38A /* MusicPlayer.swift */; };
		3E7564C1245C04360019B38A /* ModalViewController.storyboard in Resources */ = {isa = PBXBuildFile; fileRef = 3E7564C0245C04360019B38A /* ModalViewController.storyboard */; };
		F7137EE3A2A97EF3453433BA /* Pods_sanpo_sanpoUITests.framework in Frameworks */ = {isa = PBXBuildFile; fileRef = D9CBF00AB9555ABAEF2B73EF /* Pods_sanpo_sanpoUITests.framework */; };
/* End PBXBuildFile section */

/* Begin PBXContainerItemProxy section */
		3E732F722439A885003DB97A /* PBXContainerItemProxy */ = {
			isa = PBXContainerItemProxy;
			containerPortal = 3E732F532439A883003DB97A /* Project object */;
			proxyType = 1;
			remoteGlobalIDString = 3E732F5A2439A883003DB97A;
			remoteInfo = sanpo;
		};
		3E732F7D2439A885003DB97A /* PBXContainerItemProxy */ = {
			isa = PBXContainerItemProxy;
			containerPortal = 3E732F532439A883003DB97A /* Project object */;
			proxyType = 1;
			remoteGlobalIDString = 3E732F5A2439A883003DB97A;
			remoteInfo = sanpo;
		};
/* End PBXContainerItemProxy section */

/* Begin PBXFileReference section */
		1C6000019A6CC4D39BE628A0 /* Pods-sanpoTests.debug.xcconfig */ = {isa = PBXFileReference; includeInIndex = 1; lastKnownFileType = text.xcconfig; name = "Pods-sanpoTests.debug.xcconfig"; path = "Target Support Files/Pods-sanpoTests/Pods-sanpoTests.debug.xcconfig"; sourceTree = "<group>"; };
		3E012EDD2455DF840057C582 /* LaunchScreen.storyboard */ = {isa = PBXFileReference; lastKnownFileType = file.storyboard; path = LaunchScreen.storyboard; sourceTree = "<group>"; };
		3E012EE5245870970057C582 /* brightening.mp3 */ = {isa = PBXFileReference; lastKnownFileType = audio.mp3; name = brightening.mp3; path = ../../../Desktop/brightening.mp3; sourceTree = "<group>"; };
		3E012EEB245877E00057C582 /* menuettm.mp3 */ = {isa = PBXFileReference; lastKnownFileType = audio.mp3; name = menuettm.mp3; path = ../../../Desktop/menuettm.mp3; sourceTree = "<group>"; };
		3E6294C324554E0B00143350 /* ModalViewController.swift */ = {isa = PBXFileReference; lastKnownFileType = sourcecode.swift; path = ModalViewController.swift; sourceTree = "<group>"; };
		3E6A0B2E2453157200D12F25 /* Start.storyboard */ = {isa = PBXFileReference; lastKnownFileType = file.storyboard; path = Start.storyboard; sourceTree = "<group>"; };
		3E6A0B302453158200D12F25 /* StartViewController.swift */ = {isa = PBXFileReference; lastKnownFileType = sourcecode.swift; path = StartViewController.swift; sourceTree = "<group>"; };
		3E6A0B332453211000D12F25 /* CoreMotion.framework */ = {isa = PBXFileReference; lastKnownFileType = wrapper.framework; name = CoreMotion.framework; path = System/Library/Frameworks/CoreMotion.framework; sourceTree = SDKROOT; };
		3E6C3510245F0962006D6EBC /* UserDefaultUtil.swift */ = {isa = PBXFileReference; lastKnownFileType = sourcecode.swift; path = UserDefaultUtil.swift; sourceTree = "<group>"; };
		3E6C3512245FC2A5006D6EBC /* TalkingCatModalViewController.storyboard */ = {isa = PBXFileReference; lastKnownFileType = file.storyboard; path = TalkingCatModalViewController.storyboard; sourceTree = "<group>"; };
		3E6C3514245FC2CD006D6EBC /* TalkingCatModalViewController.swift */ = {isa = PBXFileReference; lastKnownFileType = sourcecode.swift; path = TalkingCatModalViewController.swift; sourceTree = "<group>"; };
		3E6C3516245FCFEA006D6EBC /* moody.mp3 */ = {isa = PBXFileReference; lastKnownFileType = audio.mp3; name = moody.mp3; path = ../../../Desktop/moody.mp3; sourceTree = "<group>"; };
		3E6C351824601CF3006D6EBC /* UserNameChangeModal.storyboard */ = {isa = PBXFileReference; lastKnownFileType = file.storyboard; path = UserNameChangeModal.storyboard; sourceTree = "<group>"; };
		3E6C351A24601D0A006D6EBC /* UserNameChangeModal.swift */ = {isa = PBXFileReference; lastKnownFileType = sourcecode.swift; path = UserNameChangeModal.swift; sourceTree = "<group>"; };
		3E6F91DD24540D3400464924 /* StepCountClass.swift */ = {isa = PBXFileReference; lastKnownFileType = sourcecode.swift; path = StepCountClass.swift; sourceTree = "<group>"; };
		3E6F91E12454382D00464924 /* StepBoarder.swift */ = {isa = PBXFileReference; lastKnownFileType = sourcecode.swift; path = StepBoarder.swift; sourceTree = "<group>"; };
		3E732F5B2439A883003DB97A /* sanpo.app */ = {isa = PBXFileReference; explicitFileType = wrapper.application; includeInIndex = 0; path = sanpo.app; sourceTree = BUILT_PRODUCTS_DIR; };
		3E732F5E2439A883003DB97A /* AppDelegate.swift */ = {isa = PBXFileReference; lastKnownFileType = sourcecode.swift; path = AppDelegate.swift; sourceTree = "<group>"; };
		3E732F602439A883003DB97A /* SceneDelegate.swift */ = {isa = PBXFileReference; lastKnownFileType = sourcecode.swift; path = SceneDelegate.swift; sourceTree = "<group>"; };
		3E732F622439A883003DB97A /* ViewController.swift */ = {isa = PBXFileReference; lastKnownFileType = sourcecode.swift; path = ViewController.swift; sourceTree = "<group>"; };
		3E732F652439A883003DB97A /* Base */ = {isa = PBXFileReference; lastKnownFileType = file.storyboard; name = Base; path = Base.lproj/Main.storyboard; sourceTree = "<group>"; };
		3E732F672439A885003DB97A /* Assets.xcassets */ = {isa = PBXFileReference; lastKnownFileType = folder.assetcatalog; path = Assets.xcassets; sourceTree = "<group>"; };
		3E732F6C2439A885003DB97A /* Info.plist */ = {isa = PBXFileReference; lastKnownFileType = text.plist.xml; path = Info.plist; sourceTree = "<group>"; };
		3E732F712439A885003DB97A /* sanpoTests.xctest */ = {isa = PBXFileReference; explicitFileType = wrapper.cfbundle; includeInIndex = 0; path = sanpoTests.xctest; sourceTree = BUILT_PRODUCTS_DIR; };
		3E732F752439A885003DB97A /* sanpoTests.swift */ = {isa = PBXFileReference; lastKnownFileType = sourcecode.swift; path = sanpoTests.swift; sourceTree = "<group>"; };
		3E732F772439A885003DB97A /* Info.plist */ = {isa = PBXFileReference; lastKnownFileType = text.plist.xml; path = Info.plist; sourceTree = "<group>"; };
		3E732F7C2439A885003DB97A /* sanpoUITests.xctest */ = {isa = PBXFileReference; explicitFileType = wrapper.cfbundle; includeInIndex = 0; path = sanpoUITests.xctest; sourceTree = BUILT_PRODUCTS_DIR; };
		3E732F802439A885003DB97A /* sanpoUITests.swift */ = {isa = PBXFileReference; lastKnownFileType = sourcecode.swift; path = sanpoUITests.swift; sourceTree = "<group>"; };
		3E732F822439A885003DB97A /* Info.plist */ = {isa = PBXFileReference; lastKnownFileType = text.plist.xml; path = Info.plist; sourceTree = "<group>"; };
		3E7564BE245BFC810019B38A /* MusicPlayer.swift */ = {isa = PBXFileReference; lastKnownFileType = sourcecode.swift; path = MusicPlayer.swift; sourceTree = "<group>"; };
		3E7564C0245C04360019B38A /* ModalViewController.storyboard */ = {isa = PBXFileReference; lastKnownFileType = file.storyboard; path = ModalViewController.storyboard; sourceTree = "<group>"; };
		3F3E11FBA16E4B38996BD699 /* Pods-sanpoTests.release.xcconfig */ = {isa = PBXFileReference; includeInIndex = 1; lastKnownFileType = text.xcconfig; name = "Pods-sanpoTests.release.xcconfig"; path = "Target Support Files/Pods-sanpoTests/Pods-sanpoTests.release.xcconfig"; sourceTree = "<group>"; };
		6DB0430316BEAD595845A55C /* Pods_sanpoTests.framework */ = {isa = PBXFileReference; explicitFileType = wrapper.framework; includeInIndex = 0; path = Pods_sanpoTests.framework; sourceTree = BUILT_PRODUCTS_DIR; };
		9AA2207A93D017EFD016A8CD /* Pods-sanpo.release.xcconfig */ = {isa = PBXFileReference; includeInIndex = 1; lastKnownFileType = text.xcconfig; name = "Pods-sanpo.release.xcconfig"; path = "Target Support Files/Pods-sanpo/Pods-sanpo.release.xcconfig"; sourceTree = "<group>"; };
		AEA070C2D53D25E3F245C015 /* Pods-sanpo-sanpoUITests.debug.xcconfig */ = {isa = PBXFileReference; includeInIndex = 1; lastKnownFileType = text.xcconfig; name = "Pods-sanpo-sanpoUITests.debug.xcconfig"; path = "Target Support Files/Pods-sanpo-sanpoUITests/Pods-sanpo-sanpoUITests.debug.xcconfig"; sourceTree = "<group>"; };
		B660E47D6FC61DD0C9BFA094 /* Pods_sanpo.framework */ = {isa = PBXFileReference; explicitFileType = wrapper.framework; includeInIndex = 0; path = Pods_sanpo.framework; sourceTree = BUILT_PRODUCTS_DIR; };
		D379FF04FFBFA37BC799B1D1 /* Pods-sanpo.debug.xcconfig */ = {isa = PBXFileReference; includeInIndex = 1; lastKnownFileType = text.xcconfig; name = "Pods-sanpo.debug.xcconfig"; path = "Target Support Files/Pods-sanpo/Pods-sanpo.debug.xcconfig"; sourceTree = "<group>"; };
		D9CBF00AB9555ABAEF2B73EF /* Pods_sanpo_sanpoUITests.framework */ = {isa = PBXFileReference; explicitFileType = wrapper.framework; includeInIndex = 0; path = Pods_sanpo_sanpoUITests.framework; sourceTree = BUILT_PRODUCTS_DIR; };
		F296BFA1D58F1222D5AC597E /* Pods-sanpo-sanpoUITests.release.xcconfig */ = {isa = PBXFileReference; includeInIndex = 1; lastKnownFileType = text.xcconfig; name = "Pods-sanpo-sanpoUITests.release.xcconfig"; path = "Target Support Files/Pods-sanpo-sanpoUITests/Pods-sanpo-sanpoUITests.release.xcconfig"; sourceTree = "<group>"; };
/* End PBXFileReference section */

/* Begin PBXFrameworksBuildPhase section */
		3E732F582439A883003DB97A /* Frameworks */ = {
			isa = PBXFrameworksBuildPhase;
			buildActionMask = 2147483647;
			files = (
				3E6A0B342453211000D12F25 /* CoreMotion.framework in Frameworks */,
				2810A3DB387B8839CF1BCE87 /* Pods_sanpo.framework in Frameworks */,
			);
			runOnlyForDeploymentPostprocessing = 0;
		};
		3E732F6E2439A885003DB97A /* Frameworks */ = {
			isa = PBXFrameworksBuildPhase;
			buildActionMask = 2147483647;
			files = (
				22B656EBCDF506C7B8AC9B14 /* Pods_sanpoTests.framework in Frameworks */,
			);
			runOnlyForDeploymentPostprocessing = 0;
		};
		3E732F792439A885003DB97A /* Frameworks */ = {
			isa = PBXFrameworksBuildPhase;
			buildActionMask = 2147483647;
			files = (
				F7137EE3A2A97EF3453433BA /* Pods_sanpo_sanpoUITests.framework in Frameworks */,
			);
			runOnlyForDeploymentPostprocessing = 0;
		};
/* End PBXFrameworksBuildPhase section */

/* Begin PBXGroup section */
		3E6A0B322453211000D12F25 /* Frameworks */ = {
			isa = PBXGroup;
			children = (
				3E6A0B332453211000D12F25 /* CoreMotion.framework */,
				B660E47D6FC61DD0C9BFA094 /* Pods_sanpo.framework */,
				D9CBF00AB9555ABAEF2B73EF /* Pods_sanpo_sanpoUITests.framework */,
				6DB0430316BEAD595845A55C /* Pods_sanpoTests.framework */,
			);
			name = Frameworks;
			sourceTree = "<group>";
		};
		3E732F522439A883003DB97A = {
			isa = PBXGroup;
			children = (
				3E732F5D2439A883003DB97A /* sanpo */,
				3E732F742439A885003DB97A /* sanpoTests */,
				3E732F7F2439A885003DB97A /* sanpoUITests */,
				3E732F5C2439A883003DB97A /* Products */,
				3E6A0B322453211000D12F25 /* Frameworks */,
				B1269C31C6257EE180B92A40 /* Pods */,
			);
			sourceTree = "<group>";
		};
		3E732F5C2439A883003DB97A /* Products */ = {
			isa = PBXGroup;
			children = (
				3E732F5B2439A883003DB97A /* sanpo.app */,
				3E732F712439A885003DB97A /* sanpoTests.xctest */,
				3E732F7C2439A885003DB97A /* sanpoUITests.xctest */,
			);
			name = Products;
			sourceTree = "<group>";
		};
		3E732F5D2439A883003DB97A /* sanpo */ = {
			isa = PBXGroup;
			children = (
				3E012EEB245877E00057C582 /* menuettm.mp3 */,
				3E012EE5245870970057C582 /* brightening.mp3 */,
				3E6C3516245FCFEA006D6EBC /* moody.mp3 */,
				3E732F672439A885003DB97A /* Assets.xcassets */,
				3E732F6C2439A885003DB97A /* Info.plist */,
				3E732F5E2439A883003DB97A /* AppDelegate.swift */,
				3E732F602439A883003DB97A /* SceneDelegate.swift */,
				3E012EDD2455DF840057C582 /* LaunchScreen.storyboard */,
				3E6C3510245F0962006D6EBC /* UserDefaultUtil.swift */,
				3E6A0B2E2453157200D12F25 /* Start.storyboard */,
				3E6A0B302453158200D12F25 /* StartViewController.swift */,
				3E732F642439A883003DB97A /* Main.storyboard */,
				3E732F622439A883003DB97A /* ViewController.swift */,
				3E6F91DD24540D3400464924 /* StepCountClass.swift */,
				3E6F91E12454382D00464924 /* StepBoarder.swift */,
				3E7564BE245BFC810019B38A /* MusicPlayer.swift */,
				3E7564C0245C04360019B38A /* ModalViewController.storyboard */,
				3E6294C324554E0B00143350 /* ModalViewController.swift */,
				3E6C3512245FC2A5006D6EBC /* TalkingCatModalViewController.storyboard */,
				3E6C3514245FC2CD006D6EBC /* TalkingCatModalViewController.swift */,
				3E6C351824601CF3006D6EBC /* UserNameChangeModal.storyboard */,
				3E6C351A24601D0A006D6EBC /* UserNameChangeModal.swift */,
			);
			path = sanpo;
			sourceTree = "<group>";
		};
		3E732F742439A885003DB97A /* sanpoTests */ = {
			isa = PBXGroup;
			children = (
				3E732F752439A885003DB97A /* sanpoTests.swift */,
				3E732F772439A885003DB97A /* Info.plist */,
			);
			path = sanpoTests;
			sourceTree = "<group>";
		};
		3E732F7F2439A885003DB97A /* sanpoUITests */ = {
			isa = PBXGroup;
			children = (
				3E732F802439A885003DB97A /* sanpoUITests.swift */,
				3E732F822439A885003DB97A /* Info.plist */,
			);
			path = sanpoUITests;
			sourceTree = "<group>";
		};
		B1269C31C6257EE180B92A40 /* Pods */ = {
			isa = PBXGroup;
			children = (
				D379FF04FFBFA37BC799B1D1 /* Pods-sanpo.debug.xcconfig */,
				9AA2207A93D017EFD016A8CD /* Pods-sanpo.release.xcconfig */,
				AEA070C2D53D25E3F245C015 /* Pods-sanpo-sanpoUITests.debug.xcconfig */,
				F296BFA1D58F1222D5AC597E /* Pods-sanpo-sanpoUITests.release.xcconfig */,
				1C6000019A6CC4D39BE628A0 /* Pods-sanpoTests.debug.xcconfig */,
				3F3E11FBA16E4B38996BD699 /* Pods-sanpoTests.release.xcconfig */,
			);
			path = Pods;
			sourceTree = "<group>";
		};
/* End PBXGroup section */

/* Begin PBXNativeTarget section */
		3E732F5A2439A883003DB97A /* sanpo */ = {
			isa = PBXNativeTarget;
			buildConfigurationList = 3E732F852439A885003DB97A /* Build configuration list for PBXNativeTarget "sanpo" */;
			buildPhases = (
				0D5AA8CD4A9331E2AAF30705 /* [CP] Check Pods Manifest.lock */,
				3E732F572439A883003DB97A /* Sources */,
				3E732F582439A883003DB97A /* Frameworks */,
				3E732F592439A883003DB97A /* Resources */,
				0CB8A4EEE474773D3B925905 /* [CP] Embed Pods Frameworks */,
			);
			buildRules = (
			);
			dependencies = (
			);
			name = sanpo;
			productName = sanpo;
			productReference = 3E732F5B2439A883003DB97A /* sanpo.app */;
			productType = "com.apple.product-type.application";
		};
		3E732F702439A885003DB97A /* sanpoTests */ = {
			isa = PBXNativeTarget;
			buildConfigurationList = 3E732F882439A885003DB97A /* Build configuration list for PBXNativeTarget "sanpoTests" */;
			buildPhases = (
				5C46BF7A53C8D7773552CCBF /* [CP] Check Pods Manifest.lock */,
				3E732F6D2439A885003DB97A /* Sources */,
				3E732F6E2439A885003DB97A /* Frameworks */,
				3E732F6F2439A885003DB97A /* Resources */,
			);
			buildRules = (
			);
			dependencies = (
				3E732F732439A885003DB97A /* PBXTargetDependency */,
			);
			name = sanpoTests;
			productName = sanpoTests;
			productReference = 3E732F712439A885003DB97A /* sanpoTests.xctest */;
			productType = "com.apple.product-type.bundle.unit-test";
		};
		3E732F7B2439A885003DB97A /* sanpoUITests */ = {
			isa = PBXNativeTarget;
			buildConfigurationList = 3E732F8B2439A885003DB97A /* Build configuration list for PBXNativeTarget "sanpoUITests" */;
			buildPhases = (
				188A5F1157E5782DF07F5C19 /* [CP] Check Pods Manifest.lock */,
				3E732F782439A885003DB97A /* Sources */,
				3E732F792439A885003DB97A /* Frameworks */,
				3E732F7A2439A885003DB97A /* Resources */,
				2986398AF465CE711210BDFB /* [CP] Embed Pods Frameworks */,
			);
			buildRules = (
			);
			dependencies = (
				3E732F7E2439A885003DB97A /* PBXTargetDependency */,
			);
			name = sanpoUITests;
			productName = sanpoUITests;
			productReference = 3E732F7C2439A885003DB97A /* sanpoUITests.xctest */;
			productType = "com.apple.product-type.bundle.ui-testing";
		};
/* End PBXNativeTarget section */

/* Begin PBXProject section */
		3E732F532439A883003DB97A /* Project object */ = {
			isa = PBXProject;
			attributes = {
				LastSwiftUpdateCheck = 1140;
				LastUpgradeCheck = 1140;
				ORGANIZATIONNAME = "hidemitsu sekiyama";
				TargetAttributes = {
					3E732F5A2439A883003DB97A = {
						CreatedOnToolsVersion = 11.4;
					};
					3E732F702439A885003DB97A = {
						CreatedOnToolsVersion = 11.4;
						TestTargetID = 3E732F5A2439A883003DB97A;
					};
					3E732F7B2439A885003DB97A = {
						CreatedOnToolsVersion = 11.4;
						TestTargetID = 3E732F5A2439A883003DB97A;
					};
				};
			};
			buildConfigurationList = 3E732F562439A883003DB97A /* Build configuration list for PBXProject "sanpo" */;
			compatibilityVersion = "Xcode 9.3";
			developmentRegion = en;
			hasScannedForEncodings = 0;
			knownRegions = (
				en,
				Base,
			);
			mainGroup = 3E732F522439A883003DB97A;
			productRefGroup = 3E732F5C2439A883003DB97A /* Products */;
			projectDirPath = "";
			projectRoot = "";
			targets = (
				3E732F5A2439A883003DB97A /* sanpo */,
				3E732F702439A885003DB97A /* sanpoTests */,
				3E732F7B2439A885003DB97A /* sanpoUITests */,
			);
		};
/* End PBXProject section */

/* Begin PBXResourcesBuildPhase section */
		3E732F592439A883003DB97A /* Resources */ = {
			isa = PBXResourcesBuildPhase;
			buildActionMask = 2147483647;
			files = (
				3E6A0B2F2453157200D12F25 /* Start.storyboard in Resources */,
				3E7564C1245C04360019B38A /* ModalViewController.storyboard in Resources */,
				3E6C3517245FCFEA006D6EBC /* moody.mp3 in Resources */,
				3E012EE6245870970057C582 /* brightening.mp3 in Resources */,
				3E6C351924601CF3006D6EBC /* UserNameChangeModal.storyboard in Resources */,
				3E012EDE2455DF840057C582 /* LaunchScreen.storyboard in Resources */,
				3E012EEC245877E00057C582 /* menuettm.mp3 in Resources */,
				3E6C3513245FC2A5006D6EBC /* TalkingCatModalViewController.storyboard in Resources */,
				3E732F682439A885003DB97A /* Assets.xcassets in Resources */,
				3E732F662439A883003DB97A /* Main.storyboard in Resources */,
			);
			runOnlyForDeploymentPostprocessing = 0;
		};
		3E732F6F2439A885003DB97A /* Resources */ = {
			isa = PBXResourcesBuildPhase;
			buildActionMask = 2147483647;
			files = (
			);
			runOnlyForDeploymentPostprocessing = 0;
		};
		3E732F7A2439A885003DB97A /* Resources */ = {
			isa = PBXResourcesBuildPhase;
			buildActionMask = 2147483647;
			files = (
			);
			runOnlyForDeploymentPostprocessing = 0;
		};
/* End PBXResourcesBuildPhase section */

/* Begin PBXShellScriptBuildPhase section */
		0CB8A4EEE474773D3B925905 /* [CP] Embed Pods Frameworks */ = {
			isa = PBXShellScriptBuildPhase;
			buildActionMask = 2147483647;
			files = (
			);
			inputFileListPaths = (
				"${PODS_ROOT}/Target Support Files/Pods-sanpo/Pods-sanpo-frameworks-${CONFIGURATION}-input-files.xcfilelist",
			);
			name = "[CP] Embed Pods Frameworks";
			outputFileListPaths = (
				"${PODS_ROOT}/Target Support Files/Pods-sanpo/Pods-sanpo-frameworks-${CONFIGURATION}-output-files.xcfilelist",
			);
			runOnlyForDeploymentPostprocessing = 0;
			shellPath = /bin/sh;
			shellScript = "\"${PODS_ROOT}/Target Support Files/Pods-sanpo/Pods-sanpo-frameworks.sh\"\n";
			showEnvVarsInLog = 0;
		};
		0D5AA8CD4A9331E2AAF30705 /* [CP] Check Pods Manifest.lock */ = {
			isa = PBXShellScriptBuildPhase;
			buildActionMask = 2147483647;
			files = (
			);
			inputFileListPaths = (
			);
			inputPaths = (
				"${PODS_PODFILE_DIR_PATH}/Podfile.lock",
				"${PODS_ROOT}/Manifest.lock",
			);
			name = "[CP] Check Pods Manifest.lock";
			outputFileListPaths = (
			);
			outputPaths = (
				"$(DERIVED_FILE_DIR)/Pods-sanpo-checkManifestLockResult.txt",
			);
			runOnlyForDeploymentPostprocessing = 0;
			shellPath = /bin/sh;
			shellScript = "diff \"${PODS_PODFILE_DIR_PATH}/Podfile.lock\" \"${PODS_ROOT}/Manifest.lock\" > /dev/null\nif [ $? != 0 ] ; then\n    # print error to STDERR\n    echo \"error: The sandbox is not in sync with the Podfile.lock. Run 'pod install' or update your CocoaPods installation.\" >&2\n    exit 1\nfi\n# This output is used by Xcode 'outputs' to avoid re-running this script phase.\necho \"SUCCESS\" > \"${SCRIPT_OUTPUT_FILE_0}\"\n";
			showEnvVarsInLog = 0;
		};
		188A5F1157E5782DF07F5C19 /* [CP] Check Pods Manifest.lock */ = {
			isa = PBXShellScriptBuildPhase;
			buildActionMask = 2147483647;
			files = (
			);
			inputFileListPaths = (
			);
			inputPaths = (
				"${PODS_PODFILE_DIR_PATH}/Podfile.lock",
				"${PODS_ROOT}/Manifest.lock",
			);
			name = "[CP] Check Pods Manifest.lock";
			outputFileListPaths = (
			);
			outputPaths = (
				"$(DERIVED_FILE_DIR)/Pods-sanpo-sanpoUITests-checkManifestLockResult.txt",
			);
			runOnlyForDeploymentPostprocessing = 0;
			shellPath = /bin/sh;
			shellScript = "diff \"${PODS_PODFILE_DIR_PATH}/Podfile.lock\" \"${PODS_ROOT}/Manifest.lock\" > /dev/null\nif [ $? != 0 ] ; then\n    # print error to STDERR\n    echo \"error: The sandbox is not in sync with the Podfile.lock. Run 'pod install' or update your CocoaPods installation.\" >&2\n    exit 1\nfi\n# This output is used by Xcode 'outputs' to avoid re-running this script phase.\necho \"SUCCESS\" > \"${SCRIPT_OUTPUT_FILE_0}\"\n";
			showEnvVarsInLog = 0;
		};
		2986398AF465CE711210BDFB /* [CP] Embed Pods Frameworks */ = {
			isa = PBXShellScriptBuildPhase;
			buildActionMask = 2147483647;
			files = (
			);
			inputFileListPaths = (
				"${PODS_ROOT}/Target Support Files/Pods-sanpo-sanpoUITests/Pods-sanpo-sanpoUITests-frameworks-${CONFIGURATION}-input-files.xcfilelist",
			);
			name = "[CP] Embed Pods Frameworks";
			outputFileListPaths = (
				"${PODS_ROOT}/Target Support Files/Pods-sanpo-sanpoUITests/Pods-sanpo-sanpoUITests-frameworks-${CONFIGURATION}-output-files.xcfilelist",
			);
			runOnlyForDeploymentPostprocessing = 0;
			shellPath = /bin/sh;
			shellScript = "\"${PODS_ROOT}/Target Support Files/Pods-sanpo-sanpoUITests/Pods-sanpo-sanpoUITests-frameworks.sh\"\n";
			showEnvVarsInLog = 0;
		};
		5C46BF7A53C8D7773552CCBF /* [CP] Check Pods Manifest.lock */ = {
			isa = PBXShellScriptBuildPhase;
			buildActionMask = 2147483647;
			files = (
			);
			inputFileListPaths = (
			);
			inputPaths = (
				"${PODS_PODFILE_DIR_PATH}/Podfile.lock",
				"${PODS_ROOT}/Manifest.lock",
			);
			name = "[CP] Check Pods Manifest.lock";
			outputFileListPaths = (
			);
			outputPaths = (
				"$(DERIVED_FILE_DIR)/Pods-sanpoTests-checkManifestLockResult.txt",
			);
			runOnlyForDeploymentPostprocessing = 0;
			shellPath = /bin/sh;
			shellScript = "diff \"${PODS_PODFILE_DIR_PATH}/Podfile.lock\" \"${PODS_ROOT}/Manifest.lock\" > /dev/null\nif [ $? != 0 ] ; then\n    # print error to STDERR\n    echo \"error: The sandbox is not in sync with the Podfile.lock. Run 'pod install' or update your CocoaPods installation.\" >&2\n    exit 1\nfi\n# This output is used by Xcode 'outputs' to avoid re-running this script phase.\necho \"SUCCESS\" > \"${SCRIPT_OUTPUT_FILE_0}\"\n";
			showEnvVarsInLog = 0;
		};
/* End PBXShellScriptBuildPhase section */

/* Begin PBXSourcesBuildPhase section */
		3E732F572439A883003DB97A /* Sources */ = {
			isa = PBXSourcesBuildPhase;
			buildActionMask = 2147483647;
			files = (
				3E6294C424554E0B00143350 /* ModalViewController.swift in Sources */,
				3E732F632439A883003DB97A /* ViewController.swift in Sources */,
				3E6A0B312453158200D12F25 /* StartViewController.swift in Sources */,
				3E7564BF245BFC810019B38A /* MusicPlayer.swift in Sources */,
				3E732F5F2439A883003DB97A /* AppDelegate.swift in Sources */,
				3E6C351B24601D0A006D6EBC /* UserNameChangeModal.swift in Sources */,
				3E6F91E22454382D00464924 /* StepBoarder.swift in Sources */,
				3E6C3515245FC2CD006D6EBC /* TalkingCatModalViewController.swift in Sources */,
				3E6F91DE24540D3400464924 /* StepCountClass.swift in Sources */,
				3E732F612439A883003DB97A /* SceneDelegate.swift in Sources */,
				3E6C3511245F0962006D6EBC /* UserDefaultUtil.swift in Sources */,
			);
			runOnlyForDeploymentPostprocessing = 0;
		};
		3E732F6D2439A885003DB97A /* Sources */ = {
			isa = PBXSourcesBuildPhase;
			buildActionMask = 2147483647;
			files = (
				3E732F762439A885003DB97A /* sanpoTests.swift in Sources */,
			);
			runOnlyForDeploymentPostprocessing = 0;
		};
		3E732F782439A885003DB97A /* Sources */ = {
			isa = PBXSourcesBuildPhase;
			buildActionMask = 2147483647;
			files = (
				3E732F812439A885003DB97A /* sanpoUITests.swift in Sources */,
			);
			runOnlyForDeploymentPostprocessing = 0;
		};
/* End PBXSourcesBuildPhase section */

/* Begin PBXTargetDependency section */
		3E732F732439A885003DB97A /* PBXTargetDependency */ = {
			isa = PBXTargetDependency;
			target = 3E732F5A2439A883003DB97A /* sanpo */;
			targetProxy = 3E732F722439A885003DB97A /* PBXContainerItemProxy */;
		};
		3E732F7E2439A885003DB97A /* PBXTargetDependency */ = {
			isa = PBXTargetDependency;
			target = 3E732F5A2439A883003DB97A /* sanpo */;
			targetProxy = 3E732F7D2439A885003DB97A /* PBXContainerItemProxy */;
		};
/* End PBXTargetDependency section */

/* Begin PBXVariantGroup section */
		3E732F642439A883003DB97A /* Main.storyboard */ = {
			isa = PBXVariantGroup;
			children = (
				3E732F652439A883003DB97A /* Base */,
			);
			name = Main.storyboard;
			sourceTree = "<group>";
		};
/* End PBXVariantGroup section */

/* Begin XCBuildConfiguration section */
		3E732F832439A885003DB97A /* Debug */ = {
			isa = XCBuildConfiguration;
			buildSettings = {
				ALWAYS_SEARCH_USER_PATHS = NO;
				CLANG_ANALYZER_NONNULL = YES;
				CLANG_ANALYZER_NUMBER_OBJECT_CONVERSION = YES_AGGRESSIVE;
				CLANG_CXX_LANGUAGE_STANDARD = "gnu++14";
				CLANG_CXX_LIBRARY = "libc++";
				CLANG_ENABLE_MODULES = YES;
				CLANG_ENABLE_OBJC_ARC = YES;
				CLANG_ENABLE_OBJC_WEAK = YES;
				CLANG_WARN_BLOCK_CAPTURE_AUTORELEASING = YES;
				CLANG_WARN_BOOL_CONVERSION = YES;
				CLANG_WARN_COMMA = YES;
				CLANG_WARN_CONSTANT_CONVERSION = YES;
				CLANG_WARN_DEPRECATED_OBJC_IMPLEMENTATIONS = YES;
				CLANG_WARN_DIRECT_OBJC_ISA_USAGE = YES_ERROR;
				CLANG_WARN_DOCUMENTATION_COMMENTS = YES;
				CLANG_WARN_EMPTY_BODY = YES;
				CLANG_WARN_ENUM_CONVERSION = YES;
				CLANG_WARN_INFINITE_RECURSION = YES;
				CLANG_WARN_INT_CONVERSION = YES;
				CLANG_WARN_NON_LITERAL_NULL_CONVERSION = YES;
				CLANG_WARN_OBJC_IMPLICIT_RETAIN_SELF = YES;
				CLANG_WARN_OBJC_LITERAL_CONVERSION = YES;
				CLANG_WARN_OBJC_ROOT_CLASS = YES_ERROR;
				CLANG_WARN_RANGE_LOOP_ANALYSIS = YES;
				CLANG_WARN_STRICT_PROTOTYPES = YES;
				CLANG_WARN_SUSPICIOUS_MOVE = YES;
				CLANG_WARN_UNGUARDED_AVAILABILITY = YES_AGGRESSIVE;
				CLANG_WARN_UNREACHABLE_CODE = YES;
				CLANG_WARN__DUPLICATE_METHOD_MATCH = YES;
				COPY_PHASE_STRIP = NO;
				DEBUG_INFORMATION_FORMAT = dwarf;
				ENABLE_STRICT_OBJC_MSGSEND = YES;
				ENABLE_TESTABILITY = YES;
				GCC_C_LANGUAGE_STANDARD = gnu11;
				GCC_DYNAMIC_NO_PIC = NO;
				GCC_NO_COMMON_BLOCKS = YES;
				GCC_OPTIMIZATION_LEVEL = 0;
				GCC_PREPROCESSOR_DEFINITIONS = (
					"DEBUG=1",
					"$(inherited)",
				);
				GCC_WARN_64_TO_32_BIT_CONVERSION = YES;
				GCC_WARN_ABOUT_RETURN_TYPE = YES_ERROR;
				GCC_WARN_UNDECLARED_SELECTOR = YES;
				GCC_WARN_UNINITIALIZED_AUTOS = YES_AGGRESSIVE;
				GCC_WARN_UNUSED_FUNCTION = YES;
				GCC_WARN_UNUSED_VARIABLE = YES;
				IPHONEOS_DEPLOYMENT_TARGET = 13.4;
				MTL_ENABLE_DEBUG_INFO = INCLUDE_SOURCE;
				MTL_FAST_MATH = YES;
				ONLY_ACTIVE_ARCH = YES;
				SDKROOT = iphoneos;
				SWIFT_ACTIVE_COMPILATION_CONDITIONS = DEBUG;
				SWIFT_OPTIMIZATION_LEVEL = "-Onone";
			};
			name = Debug;
		};
		3E732F842439A885003DB97A /* Release */ = {
			isa = XCBuildConfiguration;
			buildSettings = {
				ALWAYS_SEARCH_USER_PATHS = NO;
				CLANG_ANALYZER_NONNULL = YES;
				CLANG_ANALYZER_NUMBER_OBJECT_CONVERSION = YES_AGGRESSIVE;
				CLANG_CXX_LANGUAGE_STANDARD = "gnu++14";
				CLANG_CXX_LIBRARY = "libc++";
				CLANG_ENABLE_MODULES = YES;
				CLANG_ENABLE_OBJC_ARC = YES;
				CLANG_ENABLE_OBJC_WEAK = YES;
				CLANG_WARN_BLOCK_CAPTURE_AUTORELEASING = YES;
				CLANG_WARN_BOOL_CONVERSION = YES;
				CLANG_WARN_COMMA = YES;
				CLANG_WARN_CONSTANT_CONVERSION = YES;
				CLANG_WARN_DEPRECATED_OBJC_IMPLEMENTATIONS = YES;
				CLANG_WARN_DIRECT_OBJC_ISA_USAGE = YES_ERROR;
				CLANG_WARN_DOCUMENTATION_COMMENTS = YES;
				CLANG_WARN_EMPTY_BODY = YES;
				CLANG_WARN_ENUM_CONVERSION = YES;
				CLANG_WARN_INFINITE_RECURSION = YES;
				CLANG_WARN_INT_CONVERSION = YES;
				CLANG_WARN_NON_LITERAL_NULL_CONVERSION = YES;
				CLANG_WARN_OBJC_IMPLICIT_RETAIN_SELF = YES;
				CLANG_WARN_OBJC_LITERAL_CONVERSION = YES;
				CLANG_WARN_OBJC_ROOT_CLASS = YES_ERROR;
				CLANG_WARN_RANGE_LOOP_ANALYSIS = YES;
				CLANG_WARN_STRICT_PROTOTYPES = YES;
				CLANG_WARN_SUSPICIOUS_MOVE = YES;
				CLANG_WARN_UNGUARDED_AVAILABILITY = YES_AGGRESSIVE;
				CLANG_WARN_UNREACHABLE_CODE = YES;
				CLANG_WARN__DUPLICATE_METHOD_MATCH = YES;
				COPY_PHASE_STRIP = NO;
				DEBUG_INFORMATION_FORMAT = "dwarf-with-dsym";
				ENABLE_NS_ASSERTIONS = NO;
				ENABLE_STRICT_OBJC_MSGSEND = YES;
				GCC_C_LANGUAGE_STANDARD = gnu11;
				GCC_NO_COMMON_BLOCKS = YES;
				GCC_WARN_64_TO_32_BIT_CONVERSION = YES;
				GCC_WARN_ABOUT_RETURN_TYPE = YES_ERROR;
				GCC_WARN_UNDECLARED_SELECTOR = YES;
				GCC_WARN_UNINITIALIZED_AUTOS = YES_AGGRESSIVE;
				GCC_WARN_UNUSED_FUNCTION = YES;
				GCC_WARN_UNUSED_VARIABLE = YES;
				IPHONEOS_DEPLOYMENT_TARGET = 13.4;
				MTL_ENABLE_DEBUG_INFO = NO;
				MTL_FAST_MATH = YES;
				SDKROOT = iphoneos;
				SWIFT_COMPILATION_MODE = wholemodule;
				SWIFT_OPTIMIZATION_LEVEL = "-O";
				VALIDATE_PRODUCT = YES;
			};
			name = Release;
		};
		3E732F862439A885003DB97A /* Debug */ = {
			isa = XCBuildConfiguration;
			baseConfigurationReference = D379FF04FFBFA37BC799B1D1 /* Pods-sanpo.debug.xcconfig */;
			buildSettings = {
				ASSETCATALOG_COMPILER_APPICON_NAME = AppIcon;
				CODE_SIGN_STYLE = Automatic;
				CURRENT_PROJECT_VERSION = 8;
				DEVELOPMENT_TEAM = 42UU3JKF9R;
				ENDING_STEP = 99;
				INFOPLIST_FILE = sanpo/Info.plist;
				IPHONEOS_DEPLOYMENT_TARGET = 13.0;
				LD_RUNPATH_SEARCH_PATHS = (
					"$(inherited)",
					"@executable_path/Frameworks",
				);
				MARKETING_VERSION = 1.2;
				PRODUCT_BUNDLE_IDENTIFIER = "sekky-company.sanpo-debug";
				PRODUCT_NAME = "$(TARGET_NAME)";
				SE_BUNDLE_DISPLAY_NAME = "sanpo-debug";
				STEP_BOARDER01 = 10;
				STEP_BOARDER02 = 20;
				STEP_BOARDER03 = 30;
				STEP_BOARDER04 = 40;
				STEP_BOARDER05 = 50;
				STEP_BOARDER06 = 60;
				STEP_BOARDER07 = 70;
				STEP_BOARDER08 = 80;
				STEP_BOARDER09 = 90;
				STEP_BOARDER10 = 100;
				SWIFT_VERSION = 5.0;
				TARGETED_DEVICE_FAMILY = 1;
			};
			name = Debug;
		};
		3E732F872439A885003DB97A /* Release */ = {
			isa = XCBuildConfiguration;
			baseConfigurationReference = 9AA2207A93D017EFD016A8CD /* Pods-sanpo.release.xcconfig */;
			buildSettings = {
				ASSETCATALOG_COMPILER_APPICON_NAME = AppIcon;
				CODE_SIGN_STYLE = Automatic;
				CURRENT_PROJECT_VERSION = 8;
				DEVELOPMENT_TEAM = 42UU3JKF9R;
				ENDING_STEP = 9999;
				INFOPLIST_FILE = sanpo/Info.plist;
				IPHONEOS_DEPLOYMENT_TARGET = 13.0;
				LD_RUNPATH_SEARCH_PATHS = (
					"$(inherited)",
					"@executable_path/Frameworks",
				);
				MARKETING_VERSION = 1.2;
				PRODUCT_BUNDLE_IDENTIFIER = "sekky-company.sanpo";
				PRODUCT_NAME = "$(TARGET_NAME)";
				SE_BUNDLE_DISPLAY_NAME = sanpo;
				STEP_BOARDER01 = 100;
				STEP_BOARDER02 = 500;
				STEP_BOARDER03 = 1000;
				STEP_BOARDER04 = 5000;
				STEP_BOARDER05 = 10000;
				STEP_BOARDER06 = 25000;
				STEP_BOARDER07 = 40000;
				STEP_BOARDER08 = 60000;
				STEP_BOARDER09 = 80000;
				STEP_BOARDER10 = 100000;
				SWIFT_VERSION = 5.0;
				TARGETED_DEVICE_FAMILY = 1;
			};
			name = Release;
		};
		3E732F892439A885003DB97A /* Debug */ = {
			isa = XCBuildConfiguration;
			baseConfigurationReference = 1C6000019A6CC4D39BE628A0 /* Pods-sanpoTests.debug.xcconfig */;
			buildSettings = {
				ALWAYS_EMBED_SWIFT_STANDARD_LIBRARIES = YES;
				BUNDLE_LOADER = "$(TEST_HOST)";
				CODE_SIGN_STYLE = Automatic;
				DEVELOPMENT_TEAM = 42UU3JKF9R;
				INFOPLIST_FILE = sanpoTests/Info.plist;
				IPHONEOS_DEPLOYMENT_TARGET = 13.4;
				LD_RUNPATH_SEARCH_PATHS = (
					"$(inherited)",
					"@executable_path/Frameworks",
					"@loader_path/Frameworks",
				);
				PRODUCT_BUNDLE_IDENTIFIER = "sekky-company.sanpoTests";
				PRODUCT_NAME = "$(TARGET_NAME)";
				SWIFT_VERSION = 5.0;
				TARGETED_DEVICE_FAMILY = "1,2";
				TEST_HOST = "$(BUILT_PRODUCTS_DIR)/sanpo.app/sanpo";
			};
			name = Debug;
		};
		3E732F8A2439A885003DB97A /* Release */ = {
			isa = XCBuildConfiguration;
			baseConfigurationReference = 3F3E11FBA16E4B38996BD699 /* Pods-sanpoTests.release.xcconfig */;
			buildSettings = {
				ALWAYS_EMBED_SWIFT_STANDARD_LIBRARIES = YES;
				BUNDLE_LOADER = "$(TEST_HOST)";
				CODE_SIGN_STYLE = Automatic;
				DEVELOPMENT_TEAM = 42UU3JKF9R;
				INFOPLIST_FILE = sanpoTests/Info.plist;
				IPHONEOS_DEPLOYMENT_TARGET = 13.4;
				LD_RUNPATH_SEARCH_PATHS = (
					"$(inherited)",
					"@executable_path/Frameworks",
					"@loader_path/Frameworks",
				);
				PRODUCT_BUNDLE_IDENTIFIER = "sekky-company.sanpoTests";
				PRODUCT_NAME = "$(TARGET_NAME)";
				SWIFT_VERSION = 5.0;
				TARGETED_DEVICE_FAMILY = "1,2";
				TEST_HOST = "$(BUILT_PRODUCTS_DIR)/sanpo.app/sanpo";
			};
			name = Release;
		};
		3E732F8C2439A885003DB97A /* Debug */ = {
			isa = XCBuildConfiguration;
			baseConfigurationReference = AEA070C2D53D25E3F245C015 /* Pods-sanpo-sanpoUITests.debug.xcconfig */;
			buildSettings = {
				ALWAYS_EMBED_SWIFT_STANDARD_LIBRARIES = YES;
				CODE_SIGN_STYLE = Automatic;
				DEVELOPMENT_TEAM = 42UU3JKF9R;
				INFOPLIST_FILE = sanpoUITests/Info.plist;
				LD_RUNPATH_SEARCH_PATHS = (
					"$(inherited)",
					"@executable_path/Frameworks",
					"@loader_path/Frameworks",
				);
				PRODUCT_BUNDLE_IDENTIFIER = "sekky-company.sanpoUITests";
				PRODUCT_NAME = "$(TARGET_NAME)";
				SWIFT_VERSION = 5.0;
				TARGETED_DEVICE_FAMILY = "1,2";
				TEST_TARGET_NAME = sanpo;
			};
			name = Debug;
		};
		3E732F8D2439A885003DB97A /* Release */ = {
			isa = XCBuildConfiguration;
			baseConfigurationReference = F296BFA1D58F1222D5AC597E /* Pods-sanpo-sanpoUITests.release.xcconfig */;
			buildSettings = {
				ALWAYS_EMBED_SWIFT_STANDARD_LIBRARIES = YES;
				CODE_SIGN_STYLE = Automatic;
				DEVELOPMENT_TEAM = 42UU3JKF9R;
				INFOPLIST_FILE = sanpoUITests/Info.plist;
				LD_RUNPATH_SEARCH_PATHS = (
					"$(inherited)",
					"@executable_path/Frameworks",
					"@loader_path/Frameworks",
				);
				PRODUCT_BUNDLE_IDENTIFIER = "sekky-company.sanpoUITests";
				PRODUCT_NAME = "$(TARGET_NAME)";
				SWIFT_VERSION = 5.0;
				TARGETED_DEVICE_FAMILY = "1,2";
				TEST_TARGET_NAME = sanpo;
			};
			name = Release;
		};
/* End XCBuildConfiguration section */

/* Begin XCConfigurationList section */
		3E732F562439A883003DB97A /* Build configuration list for PBXProject "sanpo" */ = {
			isa = XCConfigurationList;
			buildConfigurations = (
				3E732F832439A885003DB97A /* Debug */,
				3E732F842439A885003DB97A /* Release */,
			);
			defaultConfigurationIsVisible = 0;
			defaultConfigurationName = Release;
		};
		3E732F852439A885003DB97A /* Build configuration list for PBXNativeTarget "sanpo" */ = {
			isa = XCConfigurationList;
			buildConfigurations = (
				3E732F862439A885003DB97A /* Debug */,
				3E732F872439A885003DB97A /* Release */,
			);
			defaultConfigurationIsVisible = 0;
			defaultConfigurationName = Release;
		};
		3E732F882439A885003DB97A /* Build configuration list for PBXNativeTarget "sanpoTests" */ = {
			isa = XCConfigurationList;
			buildConfigurations = (
				3E732F892439A885003DB97A /* Debug */,
				3E732F8A2439A885003DB97A /* Release */,
			);
			defaultConfigurationIsVisible = 0;
			defaultConfigurationName = Release;
		};
		3E732F8B2439A885003DB97A /* Build configuration list for PBXNativeTarget "sanpoUITests" */ = {
			isa = XCConfigurationList;
			buildConfigurations = (
				3E732F8C2439A885003DB97A /* Debug */,
				3E732F8D2439A885003DB97A /* Release */,
			);
			defaultConfigurationIsVisible = 0;
			defaultConfigurationName = Release;
		};
/* End XCConfigurationList section */
	};
	rootObject = 3E732F532439A883003DB97A /* Project object */;
}
